
Microsoft Visual Studio Solution File, Format Version 12.00
# Visual Studio Version 16
VisualStudioVersion = 16.0.30104.148
MinimumVisualStudioVersion = 10.0.40219.1
Project("{FAE04EC0-301F-11D3-BF4B-00C04F79EFBC}") = "FurnitureStore", "FurnitureStore\FurnitureStore.csproj", "{96BE462A-660C-4C91-8CBB-D03566F797F8}"
EndProject
Global
	GlobalSection(SolutionConfigurationPlatforms) = preSolution
		Debug|Any CPU = Debug|Any CPU
		Release|Any CPU = Release|Any CPU
	EndGlobalSection
	GlobalSection(ProjectConfigurationPlatforms) = postSolution
		{96BE462A-660C-4C91-8CBB-D03566F797F8}.Debug|Any CPU.ActiveCfg = Debug|Any CPU
		{96BE462A-660C-4C91-8CBB-D03566F797F8}.Debug|Any CPU.Build.0 = Debug|Any CPU
		{96BE462A-660C-4C91-8CBB-D03566F797F8}.Release|Any CPU.ActiveCfg = Release|Any CPU
		{96BE462A-660C-4C91-8CBB-D03566F797F8}.Release|Any CPU.Build.0 = Release|Any CPU
	EndGlobalSection
	GlobalSection(SolutionProperties) = preSolution
		HideSolutionNode = FALSE
	EndGlobalSection
	GlobalSection(ExtensibilityGlobals) = postSolution
		SolutionGuid = {4A148CE1-B6AD-4489-B271-052BE56C82F1}
	EndGlobalSection
EndGlobal
